# generated by rye
# use `rye lock` or `rye sync` to update this lockfile
#
# last locked with the following flags:
#   pre: false
#   features: []
#   all-features: false
#   with-sources: false
#   generate-hashes: false
#   universal: false

-e file:.
certifi==2025.6.15
    # via requests
charset-normalizer==3.4.2
    # via requests
hearthstone==9.17.0
    # via fireplace
hearthstone-data==223542.1
    # via fireplace
idna==3.10
    # via requests
numpy==1.24.4
    # via fireplace
requests==2.32.4
    # via fireplace
    # via hearthstone
urllib3==2.2.3
    # via requests
